<?xml version="1.0" encoding="utf-8"?>
<Project ToolsVersion="4.0" xmlns="http://schemas.microsoft.com/developer/msbuild/2003">
  <ItemGroup>
    <Filter Include="소스 파일">
      <UniqueIdentifier>{4FC737F1-C7A5-4376-A066-2A32D752A2FF}</UniqueIdentifier>
      <Extensions>cpp;c;cc;cxx;c++;cppm;ixx;def;odl;idl;hpj;bat;asm;asmx</Extensions>
    </Filter>
    <Filter Include="헤더 파일">
      <UniqueIdentifier>{93995380-89BD-4b04-88EB-625FBE52EBFB}</UniqueIdentifier>
      <Extensions>h;hh;hpp;hxx;h++;hm;inl;inc;ipp;xsd</Extensions>
    </Filter>
    <Filter Include="리소스 파일">
      <UniqueIdentifier>{67DA6AB6-F800-4c08-8B7A-83BB121AAD01}</UniqueIdentifier>
      <Extensions>rc;ico;cur;bmp;dlg;rc2;rct;bin;rgs;gif;jpg;jpeg;jpe;resx;tiff;tif;png;wav;mfcribbon-ms</Extensions>
    </Filter>
  </ItemGroup>
  <ItemGroup>
    <ClCompile Include="source\hook.cpp">
      <Filter>소스 파일</Filter>
    </ClCompile>
    <ClCompile Include="source\loadme.c">
      <Filter>소스 파일</Filter>
    </ClCompile>
    <ClCompile Include="source\logo.cpp">
      <Filter>소스 파일</Filter>
    </ClCompile>
    <ClCompile Include="source\ndscodes.cpp">
      <Filter>소스 파일</Filter>
    </ClCompile>
    <ClCompile Include="source\ndscreate.cpp">
      <Filter>소스 파일</Filter>
    </ClCompile>
    <ClCompile Include="source\ndsextract.cpp">
      <Filter>소스 파일</Filter>
    </ClCompile>
    <ClCompile Include="source\ndstool.cpp">
      <Filter>소스 파일</Filter>
    </ClCompile>
    <ClCompile Include="source\ndstree.cpp">
      <Filter>소스 파일</Filter>
    </ClCompile>
    <ClCompile Include="source\raster.cpp">
      <Filter>소스 파일</Filter>
    </ClCompile>
    <ClCompile Include="source\sha1.cpp">
      <Filter>소스 파일</Filter>
    </ClCompile>
    <ClCompile Include="source\banner.cpp">
      <Filter>소스 파일</Filter>
    </ClCompile>
    <ClCompile Include="source\bigint.cpp">
      <Filter>소스 파일</Filter>
    </ClCompile>
    <ClCompile Include="source\compile_date.c">
      <Filter>소스 파일</Filter>
    </ClCompile>
    <ClCompile Include="source\crc.cpp">
      <Filter>소스 파일</Filter>
    </ClCompile>
    <ClCompile Include="source\default_icon.c">
      <Filter>소스 파일</Filter>
    </ClCompile>
    <ClCompile Include="source\elf.cpp">
      <Filter>소스 파일</Filter>
    </ClCompile>
    <ClCompile Include="source\encryption.cpp">
      <Filter>소스 파일</Filter>
    </ClCompile>
    <ClCompile Include="source\header.cpp">
      <Filter>소스 파일</Filter>
    </ClCompile>
  </ItemGroup>
  <ItemGroup>
    <ClInclude Include="source\types.h">
      <Filter>헤더 파일</Filter>
    </ClInclude>
    <ClInclude Include="source\sha1.h">
      <Filter>헤더 파일</Filter>
    </ClInclude>
    <ClInclude Include="source\raster.h">
      <Filter>헤더 파일</Filter>
    </ClInclude>
    <ClInclude Include="source\overlay.h">
      <Filter>헤더 파일</Filter>
    </ClInclude>
    <ClInclude Include="source\ndstool.h">
      <Filter>헤더 파일</Filter>
    </ClInclude>
    <ClInclude Include="source\ndstree.h">
      <Filter>헤더 파일</Filter>
    </ClInclude>
    <ClInclude Include="source\ndsextract.h">
      <Filter>헤더 파일</Filter>
    </ClInclude>
    <ClInclude Include="source\ndscreate.h">
      <Filter>헤더 파일</Filter>
    </ClInclude>
    <ClInclude Include="source\logo.h">
      <Filter>헤더 파일</Filter>
    </ClInclude>
    <ClInclude Include="source\loadme.h">
      <Filter>헤더 파일</Filter>
    </ClInclude>
    <ClInclude Include="source\little.h">
      <Filter>헤더 파일</Filter>
    </ClInclude>
    <ClInclude Include="source\hook.h">
      <Filter>헤더 파일</Filter>
    </ClInclude>
    <ClInclude Include="source\header.h">
      <Filter>헤더 파일</Filter>
    </ClInclude>
    <ClInclude Include="source\encryption.h">
      <Filter>헤더 파일</Filter>
    </ClInclude>
    <ClInclude Include="source\elf.h">
      <Filter>헤더 파일</Filter>
    </ClInclude>
    <ClInclude Include="source\default_icon.h">
      <Filter>헤더 파일</Filter>
    </ClInclude>
    <ClInclude Include="source\crc.h">
      <Filter>헤더 파일</Filter>
    </ClInclude>
    <ClInclude Include="source\bigint.h">
      <Filter>헤더 파일</Filter>
    </ClInclude>
    <ClInclude Include="source\banner.h">
      <Filter>헤더 파일</Filter>
    </ClInclude>
  </ItemGroup>
</Project>